
Microsoft Visual Studio Solution File, Format Version 12.00
# Visual Studio 14
VisualStudioVersion = 14.0.25420.1
MinimumVisualStudioVersion = 10.0.40219.1
Project("{8BC9CEB8-8B4A-11D0-8D11-00A0C91BC942}") = "XAudio2_7", "XAudio2_7.vcxproj", "{9F5164EA-DC2B-4370-8C3C-DF449413A625}"
	ProjectSection(ProjectDependencies) = postProject
		{90A103EF-E403-47D4-BBBB-0F206B9FA7F2} = {90A103EF-E403-47D4-BBBB-0F206B9FA7F2}
	EndProjectSection
EndProject
Project("{8BC9CEB8-8B4A-11D0-8D11-00A0C91BC942}") = "FAudio", "..\..\visualc\FAudio.vcxproj", "{90A103EF-E403-47D4-BBBB-0F206B9FA7F2}"
EndProject
Project("{8BC9CEB8-8B4A-11D0-8D11-00A0C91BC942}") = "XAudio2_9", "XAudio2_9.vcxproj", "{C4BE973A-0412-44D2-A5DB-F9B05EAB6EED}"
	ProjectSection(ProjectDependencies) = postProject
		{90A103EF-E403-47D4-BBBB-0F206B9FA7F2} = {90A103EF-E403-47D4-BBBB-0F206B9FA7F2}
	EndProjectSection
EndProject
Project("{8BC9CEB8-8B4A-11D0-8D11-00A0C91BC942}") = "X3DAudio1_7", "X3DAudio1_7.vcxproj", "{EAC29019-EB87-434C-9E41-75A499941AD5}"
	ProjectSection(ProjectDependencies) = postProject
		{90A103EF-E403-47D4-BBBB-0F206B9FA7F2} = {90A103EF-E403-47D4-BBBB-0F206B9FA7F2}
	EndProjectSection
EndProject
Project("{8BC9CEB8-8B4A-11D0-8D11-00A0C91BC942}") = "XAPOBase", "XAPOBase.vcxproj", "{D1E0EB55-2B90-40A1-B864-0B7A36BF79B7}"
	ProjectSection(ProjectDependencies) = postProject
		{90A103EF-E403-47D4-BBBB-0F206B9FA7F2} = {90A103EF-E403-47D4-BBBB-0F206B9FA7F2}
	EndProjectSection
EndProject
Project("{8BC9CEB8-8B4A-11D0-8D11-00A0C91BC942}") = "XAudio2_6", "XAudio2_6.vcxproj", "{F84C835D-08F1-4C3C-AEE9-D8E3CFBC29DE}"
EndProject
Project("{8BC9CEB8-8B4A-11D0-8D11-00A0C91BC942}") = "XAudio2_5", "XAudio2_5.vcxproj", "{841595D8-2B91-49D4-A6D8-D4B8B142137A}"
EndProject
Project("{8BC9CEB8-8B4A-11D0-8D11-00A0C91BC942}") = "XAudio2_4", "XAudio2_4.vcxproj", "{D000E079-A315-4F06-B2D7-7C319EC286FF}"
EndProject
Project("{8BC9CEB8-8B4A-11D0-8D11-00A0C91BC942}") = "XAudio2_3", "XAudio2_3.vcxproj", "{71A4644C-3289-4A33-82E8-6949DF25AB8B}"
EndProject
Project("{8BC9CEB8-8B4A-11D0-8D11-00A0C91BC942}") = "XAudio2_2", "XAudio2_2.vcxproj", "{17CFD3E2-E811-45B2-9ACE-75CDFC9D5FE5}"
EndProject
Project("{8BC9CEB8-8B4A-11D0-8D11-00A0C91BC942}") = "XAudio2_1", "XAudio2_1.vcxproj", "{18A02609-C3DC-4253-9653-CC00AB1A18C5}"
EndProject
Project("{8BC9CEB8-8B4A-11D0-8D11-00A0C91BC942}") = "XAudio2_0", "XAudio2_0.vcxproj", "{03853D47-0A08-44FB-92B5-6390B3B15B8D}"
EndProject
Project("{8BC9CEB8-8B4A-11D0-8D11-00A0C91BC942}") = "XAudio2_8", "XAudio2_8.vcxproj", "{E5E99434-57FA-4386-BC10-A72C2CE6B6C4}"
EndProject
Project("{8BC9CEB8-8B4A-11D0-8D11-00A0C91BC942}") = "X3DAudio1_6", "X3DAudio1_6.vcxproj", "{8FD33503-EA67-41DD-A61F-A76F41B6CCC7}"
EndProject
Project("{8BC9CEB8-8B4A-11D0-8D11-00A0C91BC942}") = "X3DAudio1_5", "X3DAudio1_5.vcxproj", "{BE261501-F148-4AA1-A8CE-B0E05E05771A}"
EndProject
Project("{8BC9CEB8-8B4A-11D0-8D11-00A0C91BC942}") = "X3DAudio1_4", "X3DAudio1_4.vcxproj", "{45409D4F-BEB5-44D5-A454-36268F37ED8E}"
EndProject
Project("{8BC9CEB8-8B4A-11D0-8D11-00A0C91BC942}") = "X3DAudio1_3", "X3DAudio1_3.vcxproj", "{2EFC3682-2141-4E21-B0DA-C34169CD826C}"
EndProject
Global
	GlobalSection(SolutionConfigurationPlatforms) = preSolution
		Debug|x64 = Debug|x64
		Debug|x86 = Debug|x86
		Release|x64 = Release|x64
		Release|x86 = Release|x86
	EndGlobalSection
	GlobalSection(ProjectConfigurationPlatforms) = postSolution
		{9F5164EA-DC2B-4370-8C3C-DF449413A625}.Debug|x64.ActiveCfg = Debug|x64
		{9F5164EA-DC2B-4370-8C3C-DF449413A625}.Debug|x64.Build.0 = Debug|x64
		{9F5164EA-DC2B-4370-8C3C-DF449413A625}.Debug|x86.ActiveCfg = Debug|Win32
		{9F5164EA-DC2B-4370-8C3C-DF449413A625}.Debug|x86.Build.0 = Debug|Win32
		{9F5164EA-DC2B-4370-8C3C-DF449413A625}.Release|x64.ActiveCfg = Release|x64
		{9F5164EA-DC2B-4370-8C3C-DF449413A625}.Release|x64.Build.0 = Release|x64
		{9F5164EA-DC2B-4370-8C3C-DF449413A625}.Release|x86.ActiveCfg = Release|Win32
		{9F5164EA-DC2B-4370-8C3C-DF449413A625}.Release|x86.Build.0 = Release|Win32
		{90A103EF-E403-47D4-BBBB-0F206B9FA7F2}.Debug|x64.ActiveCfg = Debug|x64
		{90A103EF-E403-47D4-BBBB-0F206B9FA7F2}.Debug|x86.ActiveCfg = Debug|Win32
		{90A103EF-E403-47D4-BBBB-0F206B9FA7F2}.Debug|x86.Build.0 = Debug|Win32
		{90A103EF-E403-47D4-BBBB-0F206B9FA7F2}.Release|x64.ActiveCfg = Release|x64
		{90A103EF-E403-47D4-BBBB-0F206B9FA7F2}.Release|x86.ActiveCfg = Release|Win32
		{90A103EF-E403-47D4-BBBB-0F206B9FA7F2}.Release|x86.Build.0 = Release|Win32
		{C4BE973A-0412-44D2-A5DB-F9B05EAB6EED}.Debug|x64.ActiveCfg = Debug|x64
		{C4BE973A-0412-44D2-A5DB-F9B05EAB6EED}.Debug|x64.Build.0 = Debug|x64
		{C4BE973A-0412-44D2-A5DB-F9B05EAB6EED}.Debug|x86.ActiveCfg = Debug|Win32
		{C4BE973A-0412-44D2-A5DB-F9B05EAB6EED}.Debug|x86.Build.0 = Debug|Win32
		{C4BE973A-0412-44D2-A5DB-F9B05EAB6EED}.Release|x64.ActiveCfg = Release|x64
		{C4BE973A-0412-44D2-A5DB-F9B05EAB6EED}.Release|x64.Build.0 = Release|x64
		{C4BE973A-0412-44D2-A5DB-F9B05EAB6EED}.Release|x86.ActiveCfg = Release|Win32
		{C4BE973A-0412-44D2-A5DB-F9B05EAB6EED}.Release|x86.Build.0 = Release|Win32
		{EAC29019-EB87-434C-9E41-75A499941AD5}.Debug|x64.ActiveCfg = Debug|x64
		{EAC29019-EB87-434C-9E41-75A499941AD5}.Debug|x64.Build.0 = Debug|x64
		{EAC29019-EB87-434C-9E41-75A499941AD5}.Debug|x86.ActiveCfg = Debug|Win32
		{EAC29019-EB87-434C-9E41-75A499941AD5}.Debug|x86.Build.0 = Debug|Win32
		{EAC29019-EB87-434C-9E41-75A499941AD5}.Release|x64.ActiveCfg = Release|x64
		{EAC29019-EB87-434C-9E41-75A499941AD5}.Release|x64.Build.0 = Release|x64
		{EAC29019-EB87-434C-9E41-75A499941AD5}.Release|x86.ActiveCfg = Release|Win32
		{EAC29019-EB87-434C-9E41-75A499941AD5}.Release|x86.Build.0 = Release|Win32
		{D1E0EB55-2B90-40A1-B864-0B7A36BF79B7}.Debug|x64.ActiveCfg = Debug|x64
		{D1E0EB55-2B90-40A1-B864-0B7A36BF79B7}.Debug|x64.Build.0 = Debug|x64
		{D1E0EB55-2B90-40A1-B864-0B7A36BF79B7}.Debug|x86.ActiveCfg = Debug|Win32
		{D1E0EB55-2B90-40A1-B864-0B7A36BF79B7}.Debug|x86.Build.0 = Debug|Win32
		{D1E0EB55-2B90-40A1-B864-0B7A36BF79B7}.Release|x64.ActiveCfg = Release|x64
		{D1E0EB55-2B90-40A1-B864-0B7A36BF79B7}.Release|x64.Build.0 = Release|x64
		{D1E0EB55-2B90-40A1-B864-0B7A36BF79B7}.Release|x86.ActiveCfg = Release|Win32
		{D1E0EB55-2B90-40A1-B864-0B7A36BF79B7}.Release|x86.Build.0 = Release|Win32
		{F84C835D-08F1-4C3C-AEE9-D8E3CFBC29DE}.Debug|x64.ActiveCfg = Debug|x64
		{F84C835D-08F1-4C3C-AEE9-D8E3CFBC29DE}.Debug|x64.Build.0 = Debug|x64
		{F84C835D-08F1-4C3C-AEE9-D8E3CFBC29DE}.Debug|x86.ActiveCfg = Debug|Win32
		{F84C835D-08F1-4C3C-AEE9-D8E3CFBC29DE}.Debug|x86.Build.0 = Debug|Win32
		{F84C835D-08F1-4C3C-AEE9-D8E3CFBC29DE}.Release|x64.ActiveCfg = Release|x64
		{F84C835D-08F1-4C3C-AEE9-D8E3CFBC29DE}.Release|x64.Build.0 = Release|x64
		{F84C835D-08F1-4C3C-AEE9-D8E3CFBC29DE}.Release|x86.ActiveCfg = Release|Win32
		{F84C835D-08F1-4C3C-AEE9-D8E3CFBC29DE}.Release|x86.Build.0 = Release|Win32
		{841595D8-2B91-49D4-A6D8-D4B8B142137A}.Debug|x64.ActiveCfg = Debug|x64
		{841595D8-2B91-49D4-A6D8-D4B8B142137A}.Debug|x64.Build.0 = Debug|x64
		{841595D8-2B91-49D4-A6D8-D4B8B142137A}.Debug|x86.ActiveCfg = Debug|Win32
		{841595D8-2B91-49D4-A6D8-D4B8B142137A}.Debug|x86.Build.0 = Debug|Win32
		{841595D8-2B91-49D4-A6D8-D4B8B142137A}.Release|x64.ActiveCfg = Release|x64
		{841595D8-2B91-49D4-A6D8-D4B8B142137A}.Release|x64.Build.0 = Release|x64
		{841595D8-2B91-49D4-A6D8-D4B8B142137A}.Release|x86.ActiveCfg = Release|Win32
		{841595D8-2B91-49D4-A6D8-D4B8B142137A}.Release|x86.Build.0 = Release|Win32
		{D000E079-A315-4F06-B2D7-7C319EC286FF}.Debug|x64.ActiveCfg = Debug|x64
		{D000E079-A315-4F06-B2D7-7C319EC286FF}.Debug|x64.Build.0 = Debug|x64
		{D000E079-A315-4F06-B2D7-7C319EC286FF}.Debug|x86.ActiveCfg = Debug|Win32
		{D000E079-A315-4F06-B2D7-7C319EC286FF}.Debug|x86.Build.0 = Debug|Win32
		{D000E079-A315-4F06-B2D7-7C319EC286FF}.Release|x64.ActiveCfg = Release|x64
		{D000E079-A315-4F06-B2D7-7C319EC286FF}.Release|x64.Build.0 = Release|x64
		{D000E079-A315-4F06-B2D7-7C319EC286FF}.Release|x86.ActiveCfg = Release|Win32
		{D000E079-A315-4F06-B2D7-7C319EC286FF}.Release|x86.Build.0 = Release|Win32
		{71A4644C-3289-4A33-82E8-6949DF25AB8B}.Debug|x64.ActiveCfg = Debug|x64
		{71A4644C-3289-4A33-82E8-6949DF25AB8B}.Debug|x64.Build.0 = Debug|x64
		{71A4644C-3289-4A33-82E8-6949DF25AB8B}.Debug|x86.ActiveCfg = Debug|Win32
		{71A4644C-3289-4A33-82E8-6949DF25AB8B}.Debug|x86.Build.0 = Debug|Win32
		{71A4644C-3289-4A33-82E8-6949DF25AB8B}.Release|x64.ActiveCfg = Release|x64
		{71A4644C-3289-4A33-82E8-6949DF25AB8B}.Release|x64.Build.0 = Release|x64
		{71A4644C-3289-4A33-82E8-6949DF25AB8B}.Release|x86.ActiveCfg = Release|Win32
		{71A4644C-3289-4A33-82E8-6949DF25AB8B}.Release|x86.Build.0 = Release|Win32
		{17CFD3E2-E811-45B2-9ACE-75CDFC9D5FE5}.Debug|x64.ActiveCfg = Debug|x64
		{17CFD3E2-E811-45B2-9ACE-75CDFC9D5FE5}.Debug|x64.Build.0 = Debug|x64
		{17CFD3E2-E811-45B2-9ACE-75CDFC9D5FE5}.Debug|x86.ActiveCfg = Debug|Win32
		{17CFD3E2-E811-45B2-9ACE-75CDFC9D5FE5}.Debug|x86.Build.0 = Debug|Win32
		{17CFD3E2-E811-45B2-9ACE-75CDFC9D5FE5}.Release|x64.ActiveCfg = Release|x64
		{17CFD3E2-E811-45B2-9ACE-75CDFC9D5FE5}.Release|x64.Build.0 = Release|x64
		{17CFD3E2-E811-45B2-9ACE-75CDFC9D5FE5}.Release|x86.ActiveCfg = Release|Win32
		{17CFD3E2-E811-45B2-9ACE-75CDFC9D5FE5}.Release|x86.Build.0 = Release|Win32
		{18A02609-C3DC-4253-9653-CC00AB1A18C5}.Debug|x64.ActiveCfg = Debug|x64
		{18A02609-C3DC-4253-9653-CC00AB1A18C5}.Debug|x64.Build.0 = Debug|x64
		{18A02609-C3DC-4253-9653-CC00AB1A18C5}.Debug|x86.ActiveCfg = Debug|Win32
		{18A02609-C3DC-4253-9653-CC00AB1A18C5}.Debug|x86.Build.0 = Debug|Win32
		{18A02609-C3DC-4253-9653-CC00AB1A18C5}.Release|x64.ActiveCfg = Release|x64
		{18A02609-C3DC-4253-9653-CC00AB1A18C5}.Release|x64.Build.0 = Release|x64
		{18A02609-C3DC-4253-9653-CC00AB1A18C5}.Release|x86.ActiveCfg = Release|Win32
		{18A02609-C3DC-4253-9653-CC00AB1A18C5}.Release|x86.Build.0 = Release|Win32
		{03853D47-0A08-44FB-92B5-6390B3B15B8D}.Debug|x64.ActiveCfg = Debug|x64
		{03853D47-0A08-44FB-92B5-6390B3B15B8D}.Debug|x64.Build.0 = Debug|x64
		{03853D47-0A08-44FB-92B5-6390B3B15B8D}.Debug|x86.ActiveCfg = Debug|Win32
		{03853D47-0A08-44FB-92B5-6390B3B15B8D}.Debug|x86.Build.0 = Debug|Win32
		{03853D47-0A08-44FB-92B5-6390B3B15B8D}.Release|x64.ActiveCfg = Release|x64
		{03853D47-0A08-44FB-92B5-6390B3B15B8D}.Release|x64.Build.0 = Release|x64
		{03853D47-0A08-44FB-92B5-6390B3B15B8D}.Release|x86.ActiveCfg = Release|Win32
		{03853D47-0A08-44FB-92B5-6390B3B15B8D}.Release|x86.Build.0 = Release|Win32
		{E5E99434-57FA-4386-BC10-A72C2CE6B6C4}.Debug|x64.ActiveCfg = Debug|x64
		{E5E99434-57FA-4386-BC10-A72C2CE6B6C4}.Debug|x64.Build.0 = Debug|x64
		{E5E99434-57FA-4386-BC10-A72C2CE6B6C4}.Debug|x86.ActiveCfg = Debug|Win32
		{E5E99434-57FA-4386-BC10-A72C2CE6B6C4}.Debug|x86.Build.0 = Debug|Win32
		{E5E99434-57FA-4386-BC10-A72C2CE6B6C4}.Release|x64.ActiveCfg = Release|x64
		{E5E99434-57FA-4386-BC10-A72C2CE6B6C4}.Release|x64.Build.0 = Release|x64
		{E5E99434-57FA-4386-BC10-A72C2CE6B6C4}.Release|x86.ActiveCfg = Release|Win32
		{E5E99434-57FA-4386-BC10-A72C2CE6B6C4}.Release|x86.Build.0 = Release|Win32
		{8FD33503-EA67-41DD-A61F-A76F41B6CCC7}.Debug|x64.ActiveCfg = Debug|x64
		{8FD33503-EA67-41DD-A61F-A76F41B6CCC7}.Debug|x64.Build.0 = Debug|x64
		{8FD33503-EA67-41DD-A61F-A76F41B6CCC7}.Debug|x86.ActiveCfg = Debug|Win32
		{8FD33503-EA67-41DD-A61F-A76F41B6CCC7}.Debug|x86.Build.0 = Debug|Win32
		{8FD33503-EA67-41DD-A61F-A76F41B6CCC7}.Release|x64.ActiveCfg = Release|x64
		{8FD33503-EA67-41DD-A61F-A76F41B6CCC7}.Release|x64.Build.0 = Release|x64
		{8FD33503-EA67-41DD-A61F-A76F41B6CCC7}.Release|x86.ActiveCfg = Release|Win32
		{8FD33503-EA67-41DD-A61F-A76F41B6CCC7}.Release|x86.Build.0 = Release|Win32
		{BE261501-F148-4AA1-A8CE-B0E05E05771A}.Debug|x64.ActiveCfg = Debug|x64
		{BE261501-F148-4AA1-A8CE-B0E05E05771A}.Debug|x64.Build.0 = Debug|x64
		{BE261501-F148-4AA1-A8CE-B0E05E05771A}.Debug|x86.ActiveCfg = Debug|Win32
		{BE261501-F148-4AA1-A8CE-B0E05E05771A}.Debug|x86.Build.0 = Debug|Win32
		{BE261501-F148-4AA1-A8CE-B0E05E05771A}.Release|x64.ActiveCfg = Release|x64
		{BE261501-F148-4AA1-A8CE-B0E05E05771A}.Release|x64.Build.0 = Release|x64
		{BE261501-F148-4AA1-A8CE-B0E05E05771A}.Release|x86.ActiveCfg = Release|Win32
		{BE261501-F148-4AA1-A8CE-B0E05E05771A}.Release|x86.Build.0 = Release|Win32
		{45409D4F-BEB5-44D5-A454-36268F37ED8E}.Debug|x64.ActiveCfg = Debug|x64
		{45409D4F-BEB5-44D5-A454-36268F37ED8E}.Debug|x64.Build.0 = Debug|x64
		{45409D4F-BEB5-44D5-A454-36268F37ED8E}.Debug|x86.ActiveCfg = Debug|Win32
		{45409D4F-BEB5-44D5-A454-36268F37ED8E}.Debug|x86.Build.0 = Debug|Win32
		{45409D4F-BEB5-44D5-A454-36268F37ED8E}.Release|x64.ActiveCfg = Release|x64
		{45409D4F-BEB5-44D5-A454-36268F37ED8E}.Release|x64.Build.0 = Release|x64
		{45409D4F-BEB5-44D5-A454-36268F37ED8E}.Release|x86.ActiveCfg = Release|Win32
		{45409D4F-BEB5-44D5-A454-36268F37ED8E}.Release|x86.Build.0 = Release|Win32
		{2EFC3682-2141-4E21-B0DA-C34169CD826C}.Debug|x64.ActiveCfg = Debug|x64
		{2EFC3682-2141-4E21-B0DA-C34169CD826C}.Debug|x64.Build.0 = Debug|x64
		{2EFC3682-2141-4E21-B0DA-C34169CD826C}.Debug|x86.ActiveCfg = Debug|Win32
		{2EFC3682-2141-4E21-B0DA-C34169CD826C}.Debug|x86.Build.0 = Debug|Win32
		{2EFC3682-2141-4E21-B0DA-C34169CD826C}.Release|x64.ActiveCfg = Release|x64
		{2EFC3682-2141-4E21-B0DA-C34169CD826C}.Release|x64.Build.0 = Release|x64
		{2EFC3682-2141-4E21-B0DA-C34169CD826C}.Release|x86.ActiveCfg = Release|Win32
		{2EFC3682-2141-4E21-B0DA-C34169CD826C}.Release|x86.Build.0 = Release|Win32
	EndGlobalSection
	GlobalSection(SolutionProperties) = preSolution
		HideSolutionNode = FALSE
	EndGlobalSection
EndGlobal
